
Microsoft Visual Studio Solution File, Format Version 12.00
# Visual Studio Version 17
VisualStudioVersion = 17.0.31912.275
MinimumVisualStudioVersion = 10.0.40219.1
Project("{9A19103F-16F7-4668-BE54-9A1E7A4F7556}") = "Biblioteca", "Biblioteca.csproj", "{DCEF94E8-CD98-4658-B498-325C7BAE9FA0}"
EndProject
Project("{FAE04EC0-301F-11D3-BF4B-00C04F79EFBC}") = "DatosDef", "..\DatosDef\DatosDef.csproj", "{1CF476A8-7315-4C51-AA17-7D7B2DC54E0A}"
EndProject
Global
	GlobalSection(SolutionConfigurationPlatforms) = preSolution
		Debug|Any CPU = Debug|Any CPU
		Release|Any CPU = Release|Any CPU
	EndGlobalSection
	GlobalSection(ProjectConfigurationPlatforms) = postSolution
		{DCEF94E8-CD98-4658-B498-325C7BAE9FA0}.Debug|Any CPU.ActiveCfg = Debug|Any CPU
		{DCEF94E8-CD98-4658-B498-325C7BAE9FA0}.Debug|Any CPU.Build.0 = Debug|Any CPU
		{DCEF94E8-CD98-4658-B498-325C7BAE9FA0}.Release|Any CPU.ActiveCfg = Release|Any CPU
		{DCEF94E8-CD98-4658-B498-325C7BAE9FA0}.Release|Any CPU.Build.0 = Release|Any CPU
		{1CF476A8-7315-4C51-AA17-7D7B2DC54E0A}.Debug|Any CPU.ActiveCfg = Debug|Any CPU
		{1CF476A8-7315-4C51-AA17-7D7B2DC54E0A}.Debug|Any CPU.Build.0 = Debug|Any CPU
		{1CF476A8-7315-4C51-AA17-7D7B2DC54E0A}.Release|Any CPU.ActiveCfg = Release|Any CPU
		{1CF476A8-7315-4C51-AA17-7D7B2DC54E0A}.Release|Any CPU.Build.0 = Release|Any CPU
	EndGlobalSection
	GlobalSection(SolutionProperties) = preSolution
		HideSolutionNode = FALSE
	EndGlobalSection
	GlobalSection(ExtensibilityGlobals) = postSolution
		SolutionGuid = {0DE841B5-546E-4886-B195-D748D5820806}
	EndGlobalSection
EndGlobal
